{
  "version": 4,
  "terraform_version": "1.0.11",
  "serial": 65,
  "lineage": "6f4887f6-ca3a-df61-9a0e-3992408c9b3b",
  "outputs": {},
  "resources": [
    {
      "mode": "managed",
      "type": "google_bigquery_dataset",
      "name": "Verbatim_dataset",
      "provider": "provider[\"registry.terraform.io/hashicorp/google\"]",
      "instances": [
        {
          "schema_version": 0,
          "attributes": {
            "access": [
              {
                "domain": "",
                "group_by_email": "",
                "role": "OWNER",
                "special_group": "",
                "user_by_email": "terraform@dsn-dev-01.iam.gserviceaccount.com",
                "view": []
              },
              {
                "domain": "",
                "group_by_email": "",
                "role": "OWNER",
                "special_group": "projectOwners",
                "user_by_email": "",
                "view": []
              },
              {
                "domain": "",
                "group_by_email": "",
                "role": "READER",
                "special_group": "projectReaders",
                "user_by_email": "",
                "view": []
              },
              {
                "domain": "",
                "group_by_email": "",
                "role": "WRITER",
                "special_group": "projectWriters",
                "user_by_email": "",
                "view": []
              }
            ],
            "creation_time": 1638219201565,
            "dataset_id": "Verbatim_dataset",
            "default_encryption_configuration": [],
            "default_partition_expiration_ms": 0,
            "default_table_expiration_ms": 0,
            "delete_contents_on_destroy": false,
            "description": "This dataset contains sentences and their verbatimes",
            "etag": "An500ymgbXYiDJiTBv9z/g==",
            "friendly_name": "Verbatim",
            "id": "projects/dsn-dev-01/datasets/Verbatim_dataset",
            "labels": {},
            "last_modified_time": 1638219201565,
            "location": "EU",
            "project": "dsn-dev-01",
            "self_link": "https://www.googleapis.com/bigquery/v2/projects/dsn-dev-01/datasets/Verbatim_dataset",
            "timeouts": null
          },
          "sensitive_attributes": [],
          "private": "eyJlMmJmYjczMC1lY2FhLTExZTYtOGY4OC0zNDM2M2JjN2M0YzAiOnsiY3JlYXRlIjoyNDAwMDAwMDAwMDAsImRlbGV0ZSI6MjQwMDAwMDAwMDAwLCJ1cGRhdGUiOjI0MDAwMDAwMDAwMH19"
        }
      ]
    },
    {
      "mode": "managed",
      "type": "google_container_cluster",
      "name": "primary",
      "provider": "provider[\"registry.terraform.io/hashicorp/google\"]",
      "instances": [
        {
          "schema_version": 1,
          "attributes": {
            "additional_zones": [],
            "addons_config": [
              {
                "horizontal_pod_autoscaling": [],
                "http_load_balancing": [],
                "kubernetes_dashboard": [],
                "network_policy_config": [
                  {
                    "disabled": true
                  }
                ]
              }
            ],
            "authenticator_groups_config": [],
            "cluster_autoscaling": [
              {
                "auto_provisioning_defaults": [],
                "enabled": false,
                "resource_limits": []
              }
            ],
            "cluster_ipv4_cidr": "10.72.0.0/14",
            "default_max_pods_per_node": 110,
            "description": "",
            "enable_binary_authorization": null,
            "enable_intranode_visibility": null,
            "enable_kubernetes_alpha": false,
            "enable_legacy_abac": false,
            "enable_tpu": null,
            "endpoint": "35.240.122.95",
            "id": "projects/dsn-dev-01/locations/europe-west1/clusters/my-gke-cluster",
            "initial_node_count": 1,
            "instance_group_urls": [],
            "ip_allocation_policy": [
              {
                "cluster_ipv4_cidr_block": "10.72.0.0/14",
                "cluster_secondary_range_name": "gke-my-gke-cluster-pods-baa95fc9",
                "create_subnetwork": false,
                "node_ipv4_cidr_block": "",
                "services_ipv4_cidr_block": "10.76.0.0/20",
                "services_secondary_range_name": "gke-my-gke-cluster-services-baa95fc9",
                "subnetwork_name": "",
                "use_ip_aliases": false
              }
            ],
            "location": "europe-west1",
            "logging_service": "logging.googleapis.com/kubernetes",
            "maintenance_policy": [],
            "master_auth": [
              {
                "client_certificate": "",
                "client_certificate_config": [
                  {
                    "issue_client_certificate": false
                  }
                ],
                "client_key": "",
                "cluster_ca_certificate": "LS0tLS1CRUdJTiBDRVJUSUZJQ0FURS0tLS0tCk1JSUVMRENDQXBTZ0F3SUJBZ0lRR3lQbUxOWStaRjh4di9YaEo1dUlIekFOQmdrcWhraUc5dzBCQVFzRkFEQXYKTVMwd0t3WURWUVFERXlRd1lqWTNNekF6TUMxa09UQmtMVFF5TVdNdFlqRTJZeTB4TVRobE5HRTBOVEprTmpRdwpJQmNOTWpJd01UQTRNVEF4T1RVMldoZ1BNakExTWpBeE1ERXhNVEU1TlRaYU1DOHhMVEFyQmdOVkJBTVRKREJpCk5qY3pNRE13TFdRNU1HUXROREl4WXkxaU1UWmpMVEV4T0dVMFlUUTFNbVEyTkRDQ0FhSXdEUVlKS29aSWh2Y04KQVFFQkJRQURnZ0dQQURDQ0FZb0NnZ0dCQUpxRStPb3Jaa3N2Y1JXUmFLbUJnbzl2UW5OVW9JN0xodFhHR05wcwpiWDBwU1k5L0N2czZGVWRSTVZuRjd0RmNzcFNMbGpaNE5QbGdvWThGWnc4ditGOG1EdEZtUkV2MXdYc2NUY2xICk83TVJpUG5oY25kd2t3V04zd200NGVJUWJoZWZNdU4yVi9JbVVuY0dYcGdVVXRXSm1VUytBR0QwZVdwQ0RuUXkKODkyN2s2V05ZRXVBZVJjUm9aNlhoaENqdzl2TkpNK05hNG8zNzlvSDlkK1p0RkxXWC81VWtzeHByS04vOVp3Mgp4U3NiU0ZnUFV3cGdhSFNmb3lVc2dxVnEzUlNXem51SElNdXNYWVFZdXBkOTN2K0hXbzRQT2FVVUtuYU5CMEpvCkxLTmtLY0lZa3RkeDdVQzhvYkxleTZvZWdrbTUzRk45azQ3K1JYNWZPYlNFTG16OEZld0hodTZHdmF0QUpnS3UKRHJjek9YOW85d1g2NzFVTGUzM1h4K0JodUhGanNYd3ZJKzdreFBVWllLZlgwbThNVkZlNDVqY3F2RGFyVURYNgpmcWZRRU5MRE5xWndkb0xSZzEvUGd6eTEwOHdYRzh0L2FPanoyZ3hyUWNINzAvVW9MSnI2UmJaZGh3Z1pGV2IxCmh0dENwQlArYi9ZUUNPdHdtVlRZOTZta0J3SURBUUFCbzBJd1FEQU9CZ05WSFE4QkFmOEVCQU1DQWdRd0R3WUQKVlIwVEFRSC9CQVV3QXdFQi96QWRCZ05WSFE0RUZnUVVJMHhWbHhPbzlQVCtRYTVjMmJaYlRKYjBGVDh3RFFZSgpLb1pJaHZjTkFRRUxCUUFEZ2dHQkFGQlM3UkV0Y0lyZUpCYzJNVFlpb3pDR1ZjdHcxRGh0V2NMeG1xcW1yUk5sCmxOeEh6b08zV1kxVFpXWXI0V0gzdXo5QVFRNGZxWVdBbEVJRjBaUFk0djZlWGk1M2RSN01kYUk2VVN4YVA0ZkwKbm9GemhMM0wyM0VaYzlOKzBabWNGMk5IMmorMTVjWTRJbTVGUVBqQUFTc0pISFYwanNJd1dYR0pBSDlDM2UvYgpFdzI4ZjNuTXU0eFpUR2loWHM2WW5ldTEvU29PNVZ4V01HZ2ZsTWNIMUQrc0FOR0xzdklsRjBZcitKL3RGUmRpCkMvSmFGL3ZHNGVxVkltQjVVRFBhRHpzOWdqeXFZQ2lkUGE2bk11RERFOG1sdnpsTytEeExkL05wdHA0VCszWisKbWluM210WmpkWmFXVCtRMnJhaEJEYUcwMW9sYk9KVXNzT1RydXMrQ29IWEpmYUhGWXpXeWJ0RCtGVkRtR2t1KwpSaExSTXQyOHNLRUFySUJnQUR6blRtMFFPUURMWkNIS05WSmxjK1dKQUVNRTl1eTFFRjd2ZWdMa0grSGlHL09BClJzbUVMZUl0RnFIcDB6UzBRY2ZZUFlFZ1BTVkYxNFErTG5zS2VkclRRZEY1c1BBdE4rQzN4SHhFNHNCYTNoMm8KazlaWjJzRURIbldZMm9veVdPbzlKUT09Ci0tLS0tRU5EIENFUlRJRklDQVRFLS0tLS0K",
                "password": "",
                "username": ""
              }
            ],
            "master_authorized_networks_config": [],
            "master_version": "1.21.5-gke.1302",
            "min_master_version": null,
            "monitoring_service": "monitoring.googleapis.com/kubernetes",
            "name": "my-gke-cluster",
            "network": "projects/dsn-dev-01/global/networks/default",
            "network_policy": [
              {
                "enabled": false,
                "provider": "PROVIDER_UNSPECIFIED"
              }
            ],
            "node_config": [],
            "node_locations": [
              "europe-west1-b",
              "europe-west1-c",
              "europe-west1-d"
            ],
            "node_pool": [],
            "node_version": "1.21.5-gke.1302",
            "operation": null,
            "pod_security_policy_config": null,
            "private_cluster_config": [],
            "project": "dsn-dev-01",
            "region": null,
            "remove_default_node_pool": true,
            "resource_labels": null,
            "services_ipv4_cidr": "10.76.0.0/20",
            "subnetwork": "projects/dsn-dev-01/regions/europe-west1/subnetworks/default",
            "timeouts": null,
            "vertical_pod_autoscaling": [],
            "zone": null
          },
          "sensitive_attributes": [],
          "private": "eyJlMmJmYjczMC1lY2FhLTExZTYtOGY4OC0zNDM2M2JjN2M0YzAiOnsiY3JlYXRlIjoyNDAwMDAwMDAwMDAwLCJkZWxldGUiOjI0MDAwMDAwMDAwMDAsInVwZGF0ZSI6MzYwMDAwMDAwMDAwMH0sInNjaGVtYV92ZXJzaW9uIjoiMSJ9"
        }
      ]
    },
    {
      "mode": "managed",
      "type": "google_container_node_pool",
      "name": "primary_preemptible_nodes",
      "provider": "provider[\"registry.terraform.io/hashicorp/google\"]",
      "instances": [
        {
          "schema_version": 1,
          "attributes": {
            "autoscaling": [],
            "cluster": "my-gke-cluster",
            "id": "projects/dsn-dev-01/locations/europe-west1/clusters/my-gke-cluster/nodePools/my-node-pool",
            "initial_node_count": 1,
            "instance_group_urls": [
              "https://www.googleapis.com/compute/v1/projects/dsn-dev-01/zones/europe-west1-d/instanceGroupManagers/gke-my-gke-cluster-my-node-pool-7002ef02-grp",
              "https://www.googleapis.com/compute/v1/projects/dsn-dev-01/zones/europe-west1-b/instanceGroupManagers/gke-my-gke-cluster-my-node-pool-0253b79a-grp",
              "https://www.googleapis.com/compute/v1/projects/dsn-dev-01/zones/europe-west1-c/instanceGroupManagers/gke-my-gke-cluster-my-node-pool-82521a74-grp"
            ],
            "location": "europe-west1",
            "management": [
              {
                "auto_repair": true,
                "auto_upgrade": true
              }
            ],
            "max_pods_per_node": 110,
            "name": "my-node-pool",
            "name_prefix": "",
            "node_config": [
              {
                "disk_size_gb": 100,
                "disk_type": "pd-standard",
                "guest_accelerator": [],
                "image_type": "COS_CONTAINERD",
                "labels": {},
                "local_ssd_count": 0,
                "machine_type": "e2-medium",
                "metadata": {
                  "disable-legacy-endpoints": "true"
                },
                "min_cpu_platform": "",
                "oauth_scopes": [
                  "https://www.googleapis.com/auth/cloud-platform"
                ],
                "preemptible": true,
                "sandbox_config": [],
                "service_account": "gke-sa-dev01@dsn-dev-01.iam.gserviceaccount.com",
                "shielded_instance_config": [
                  {
                    "enable_integrity_monitoring": true,
                    "enable_secure_boot": false
                  }
                ],
                "tags": [],
                "taint": [],
                "workload_metadata_config": []
              }
            ],
            "node_count": 1,
            "project": "dsn-dev-01",
            "region": null,
            "timeouts": null,
            "version": "1.21.5-gke.1302",
            "zone": null
          },
          "sensitive_attributes": [],
          "private": "eyJlMmJmYjczMC1lY2FhLTExZTYtOGY4OC0zNDM2M2JjN2M0YzAiOnsiY3JlYXRlIjoxODAwMDAwMDAwMDAwLCJkZWxldGUiOjE4MDAwMDAwMDAwMDAsInVwZGF0ZSI6MTgwMDAwMDAwMDAwMH0sInNjaGVtYV92ZXJzaW9uIjoiMSJ9",
          "dependencies": [
            "google_container_cluster.primary",
            "google_service_account.gke_sa"
          ]
        }
      ]
    },
    {
      "mode": "managed",
      "type": "google_project_iam_member",
      "name": "alex_rights",
      "provider": "provider[\"registry.terraform.io/hashicorp/google\"]",
      "instances": [
        {
          "schema_version": 0,
          "attributes": {
            "etag": "BwXU6mrHKn0=",
            "id": "dsn-dev-01/roles/editor/user:alexandre.giraud18@gmail.com",
            "member": "user:alexandre.giraud18@gmail.com",
            "project": "dsn-dev-01",
            "role": "roles/editor"
          },
          "sensitive_attributes": [],
          "private": "bnVsbA=="
        }
      ]
    },
    {
      "mode": "managed",
      "type": "google_project_iam_member",
      "name": "clement_rights",
      "provider": "provider[\"registry.terraform.io/hashicorp/google\"]",
      "instances": [
        {
          "schema_version": 0,
          "attributes": {
            "etag": "BwXU6mrHKn0=",
            "id": "dsn-dev-01/roles/editor/user:clementdarthe@gmail.com",
            "member": "user:clementdarthe@gmail.com",
            "project": "dsn-dev-01",
            "role": "roles/editor"
          },
          "sensitive_attributes": [],
          "private": "bnVsbA=="
        }
      ]
    },
    {
      "mode": "managed",
      "type": "google_project_iam_member",
      "name": "gke_sa_rights",
      "provider": "provider[\"registry.terraform.io/hashicorp/google\"]",
      "instances": [
        {
          "schema_version": 0,
          "attributes": {
            "etag": "BwXU6mrHKn0=",
            "id": "dsn-dev-01/roles/editor/serviceaccount:gke-sa-dev01@dsn-dev-01.iam.gserviceaccount.com",
            "member": "serviceAccount:gke-sa-dev01@dsn-dev-01.iam.gserviceaccount.com",
            "project": "dsn-dev-01",
            "role": "roles/editor"
          },
          "sensitive_attributes": [],
          "private": "bnVsbA=="
        }
      ]
    },
    {
      "mode": "managed",
      "type": "google_project_iam_member",
      "name": "mt_rights",
      "provider": "provider[\"registry.terraform.io/hashicorp/google\"]",
      "instances": [
        {
          "schema_version": 0,
          "attributes": {
            "etag": "BwXU6mrHKn0=",
            "id": "dsn-dev-01/roles/editor/user:truong.minhtri3007@gmail.com",
            "member": "user:truong.minhtri3007@gmail.com",
            "project": "dsn-dev-01",
            "role": "roles/editor"
          },
          "sensitive_attributes": [],
          "private": "bnVsbA=="
        }
      ]
    },
    {
      "mode": "managed",
      "type": "google_service_account",
      "name": "ci_cd_sa",
      "provider": "provider[\"registry.terraform.io/hashicorp/google\"]",
      "instances": [
        {
          "schema_version": 0,
          "attributes": {
            "account_id": "ci-cd-sa-dev01",
            "description": "",
            "display_name": "Service Account representing the cluster GKE",
            "email": "ci-cd-sa-dev01@dsn-dev-01.iam.gserviceaccount.com",
            "id": "projects/dsn-dev-01/serviceAccounts/ci-cd-sa-dev01@dsn-dev-01.iam.gserviceaccount.com",
            "name": "projects/dsn-dev-01/serviceAccounts/ci-cd-sa-dev01@dsn-dev-01.iam.gserviceaccount.com",
            "project": "dsn-dev-01",
            "unique_id": "109428057878252888650"
          },
          "sensitive_attributes": [],
          "private": "bnVsbA=="
        }
      ]
    },
    {
      "mode": "managed",
      "type": "google_service_account",
      "name": "gke_sa",
      "provider": "provider[\"registry.terraform.io/hashicorp/google\"]",
      "instances": [
        {
          "schema_version": 0,
          "attributes": {
            "account_id": "gke-sa-dev01",
            "description": "",
            "display_name": "Service Account representing the cluster GKE",
            "email": "gke-sa-dev01@dsn-dev-01.iam.gserviceaccount.com",
            "id": "projects/dsn-dev-01/serviceAccounts/gke-sa-dev01@dsn-dev-01.iam.gserviceaccount.com",
            "name": "projects/dsn-dev-01/serviceAccounts/gke-sa-dev01@dsn-dev-01.iam.gserviceaccount.com",
            "project": "dsn-dev-01",
            "unique_id": "112215242614999848432"
          },
          "sensitive_attributes": [],
          "private": "bnVsbA=="
        }
      ]
    },
    {
      "mode": "managed",
      "type": "google_storage_bucket",
      "name": "wildfire_dsn",
      "provider": "provider[\"registry.terraform.io/hashicorp/google\"]",
      "instances": [
        {
          "schema_version": 0,
          "attributes": {
            "bucket_policy_only": false,
            "cors": [],
            "encryption": [],
            "force_destroy": true,
            "id": "wildfire_dsn",
            "labels": {},
            "lifecycle_rule": [],
            "location": "EU",
            "logging": [],
            "name": "wildfire_dsn",
            "project": "dsn-dev-01",
            "requester_pays": false,
            "retention_policy": [],
            "self_link": "https://www.googleapis.com/storage/v1/b/wildfire_dsn",
            "storage_class": "STANDARD",
            "url": "gs://wildfire_dsn",
            "versioning": [],
            "website": []
          },
          "sensitive_attributes": [],
          "private": "bnVsbA=="
        }
      ]
    }
  ]
}
