{
  "version": 4,
  "terraform_version": "1.0.11",
  "serial": 55,
  "lineage": "6f4887f6-ca3a-df61-9a0e-3992408c9b3b",
  "outputs": {},
  "resources": [
    {
      "mode": "managed",
      "type": "google_bigquery_dataset",
      "name": "Verbatim_dataset",
      "provider": "provider[\"registry.terraform.io/hashicorp/google\"]",
      "instances": [
        {
          "schema_version": 0,
          "attributes": {
            "access": [
              {
                "domain": "",
                "group_by_email": "",
                "role": "OWNER",
                "special_group": "",
                "user_by_email": "terraform@dsn-dev-01.iam.gserviceaccount.com",
                "view": []
              },
              {
                "domain": "",
                "group_by_email": "",
                "role": "OWNER",
                "special_group": "projectOwners",
                "user_by_email": "",
                "view": []
              },
              {
                "domain": "",
                "group_by_email": "",
                "role": "READER",
                "special_group": "projectReaders",
                "user_by_email": "",
                "view": []
              },
              {
                "domain": "",
                "group_by_email": "",
                "role": "WRITER",
                "special_group": "projectWriters",
                "user_by_email": "",
                "view": []
              }
            ],
            "creation_time": 1638219201565,
            "dataset_id": "Verbatim_dataset",
            "default_encryption_configuration": [],
            "default_partition_expiration_ms": 0,
            "default_table_expiration_ms": 0,
            "delete_contents_on_destroy": false,
            "description": "This dataset contains sentences and their verbatimes",
            "etag": "An500ymgbXYiDJiTBv9z/g==",
            "friendly_name": "Verbatim",
            "id": "projects/dsn-dev-01/datasets/Verbatim_dataset",
            "labels": {},
            "last_modified_time": 1638219201565,
            "location": "EU",
            "project": "dsn-dev-01",
            "self_link": "https://www.googleapis.com/bigquery/v2/projects/dsn-dev-01/datasets/Verbatim_dataset",
            "timeouts": null
          },
          "sensitive_attributes": [],
          "private": "eyJlMmJmYjczMC1lY2FhLTExZTYtOGY4OC0zNDM2M2JjN2M0YzAiOnsiY3JlYXRlIjoyNDAwMDAwMDAwMDAsImRlbGV0ZSI6MjQwMDAwMDAwMDAwLCJ1cGRhdGUiOjI0MDAwMDAwMDAwMH19"
        }
      ]
    },
    {
      "mode": "managed",
      "type": "google_container_cluster",
      "name": "primary",
      "provider": "provider[\"registry.terraform.io/hashicorp/google\"]",
      "instances": [
        {
          "schema_version": 1,
          "attributes": {
            "additional_zones": [],
            "addons_config": [
              {
                "horizontal_pod_autoscaling": [],
                "http_load_balancing": [],
                "kubernetes_dashboard": [],
                "network_policy_config": [
                  {
                    "disabled": true
                  }
                ]
              }
            ],
            "authenticator_groups_config": [],
            "cluster_autoscaling": [
              {
                "auto_provisioning_defaults": [],
                "enabled": false,
                "resource_limits": []
              }
            ],
            "cluster_ipv4_cidr": "10.72.0.0/14",
            "default_max_pods_per_node": 110,
            "description": "",
            "enable_binary_authorization": null,
            "enable_intranode_visibility": null,
            "enable_kubernetes_alpha": false,
            "enable_legacy_abac": false,
            "enable_tpu": null,
            "endpoint": "35.205.99.148",
            "id": "projects/dsn-dev-01/locations/europe-west1/clusters/my-gke-cluster",
            "initial_node_count": 1,
            "instance_group_urls": [],
            "ip_allocation_policy": [
              {
                "cluster_ipv4_cidr_block": "10.72.0.0/14",
                "cluster_secondary_range_name": "gke-my-gke-cluster-pods-bc867ac5",
                "create_subnetwork": false,
                "node_ipv4_cidr_block": "",
                "services_ipv4_cidr_block": "10.76.0.0/20",
                "services_secondary_range_name": "gke-my-gke-cluster-services-bc867ac5",
                "subnetwork_name": "",
                "use_ip_aliases": false
              }
            ],
            "location": "europe-west1",
            "logging_service": "logging.googleapis.com/kubernetes",
            "maintenance_policy": [],
            "master_auth": [
              {
                "client_certificate": "",
                "client_certificate_config": [
                  {
                    "issue_client_certificate": false
                  }
                ],
                "client_key": "",
                "cluster_ca_certificate": "LS0tLS1CRUdJTiBDRVJUSUZJQ0FURS0tLS0tCk1JSUVMVENDQXBXZ0F3SUJBZ0lSQU1FaGxIV1BlZFRLRUxZMWhxVjNncmt3RFFZSktvWklodmNOQVFFTEJRQXcKTHpFdE1Dc0dBMVVFQXhNa1pEa3pOR0kyT0RJdE4yWm1PUzAwTnpoakxUZ3lOMkl0WXpBMVpURmlabVJtTldWaQpNQ0FYRFRJeU1ERXdOREU1TlRBeU5Gb1lEekl3TlRFeE1qSTRNakExTURJMFdqQXZNUzB3S3dZRFZRUURFeVJrCk9UTTBZalk0TWkwM1ptWTVMVFEzT0dNdE9ESTNZaTFqTURWbE1XSm1aR1kxWldJd2dnR2lNQTBHQ1NxR1NJYjMKRFFFQkFRVUFBNElCandBd2dnR0tBb0lCZ1FEVkNxMFZXSFV4d0J4VVlQWjN2MHJSTWU1VjZsV3lyRFRhY3ZjbwpqM0xKdDRmMjV3V2N0NTBiR1NvNDVETWd4SFFHVUJlUW5ORnVxRllTVy9wMEo0cCtqL2VkM3BHVEJLRk56VHJSCnNxMy9XenZ1R3RMbnNPekhlcU1MQnczd3pHV3ZCODBWVG11VEh1QWJqQlVkMm8yV1FqWjZTN2JHYnRlMTJPK2MKbGxvVjNQYTVZTkswSkxoTGVRRXRQcmFSYlVyczZXeEZwY28zaFJob3FlOFlycW5KMXFYR3lZclpXdE0walpyQwpyN2cvWDZwa2Nyakd0aU5pejRGd1hETTR1bHRjSGxHNS9RTlFndXp6TkN1bjZRbitnTEcvTDJaaVBrc1RjNzIzCmhta3hDK1RVbnZQd1pqblNYQUVaMDUvQjNkVmhWTy9oREQ2VVo3bTJNdno5QkIyWklPVzh4bmsvZFNGZ0lqODQKQU8yRXlDSDY3dFNQKzdhKzhvVHRGcUY1Q0RaTnhjV0Q0VTA4MzkwUVA3SUVaN0dkdURVZG5sdlE0dWh4RFBGSwpCbHNEYzNoeHlzZzdCMUtiUVhqZGEzUWN6OTVLRjE3L2VCK1BUOHRwU0pBcWhkUmdsMlBCcXUvczE1OGk3MUg5Cmpra1VpN0I4clY5Z2NzQm5KTC9tQU9yV3RwVUNBd0VBQWFOQ01FQXdEZ1lEVlIwUEFRSC9CQVFEQWdJRU1BOEcKQTFVZEV3RUIvd1FGTUFNQkFmOHdIUVlEVlIwT0JCWUVGRUN3ZEo0UWt4a1FwMlgvVFV0T2h0V0haWitsTUEwRwpDU3FHU0liM0RRRUJDd1VBQTRJQmdRREZ2UGtqNjZveHBkMHc5VnpkZ0dzdjJNT1U1S0F4bGFKSDZwWm9uTmdVCjF6Smh0bTJJSmVGSTBjL3R3dHZjbDVCa0gyVDJMaWpXRGR2cy9Ea2drZlBuendORFl6UWpXK2E3c0lHNWJoVFMKa3ZZcm9UYmE1cEZMYklzcE1WSHhsZ0tDNlFtOGpXQ24rZFVqVERVa1IyK2hNQ2lvM051QkU0Y3UzWmllaHRMMwo5UDhuTC9CY3RZREpOU1pJeHFlNGtNbFFpY1Zjb3ZHdjBTSzNBWWhDTmYxYll5eXRBRElTTEZtb00xWXBwblZFCmhHVmNBdjNzR3lRcTh6dGJrWUNHc0RHSUhjT1ZQR1ViU0JhQzA3YUdDNitzL0hxL2huVEd1OXM2ZXpEZmtwQlIKOXhZNDg4TWZ5eXpZcmU0RW9HL3ZxRXllSDBKanE1a2krNlhEK0ozSzJmZ3MrYlA3MzcwdE5ubnRKZkNMbkp2RgpZZ0ZMK0hDSHhybVQwK1pXTGhnM3RuOWxTTyt1aDQ2bGNWNFVJcVBCdEQ0MGlITGREQ0liRVZiTTdRaiswRml6CkphS2JXUHB4aDAwbElFZXNLVlZUTk1LMzJya3FLQlJwb1ZTemhVbDV2N1hPRzVRbzZ5NmpWWVc5L3RaeXZCNS8KRnZxT1A1U0g4QlFpV1RPVVBQbllOejg9Ci0tLS0tRU5EIENFUlRJRklDQVRFLS0tLS0K",
                "password": "",
                "username": ""
              }
            ],
            "master_authorized_networks_config": [],
            "master_version": "1.21.5-gke.1302",
            "min_master_version": null,
            "monitoring_service": "monitoring.googleapis.com/kubernetes",
            "name": "my-gke-cluster",
            "network": "projects/dsn-dev-01/global/networks/default",
            "network_policy": [
              {
                "enabled": false,
                "provider": "PROVIDER_UNSPECIFIED"
              }
            ],
            "node_config": [],
            "node_locations": [
              "europe-west1-b",
              "europe-west1-c",
              "europe-west1-d"
            ],
            "node_pool": [],
            "node_version": "1.21.5-gke.1302",
            "operation": null,
            "pod_security_policy_config": null,
            "private_cluster_config": [],
            "project": "dsn-dev-01",
            "region": null,
            "remove_default_node_pool": true,
            "resource_labels": null,
            "services_ipv4_cidr": "10.76.0.0/20",
            "subnetwork": "projects/dsn-dev-01/regions/europe-west1/subnetworks/default",
            "timeouts": null,
            "vertical_pod_autoscaling": [],
            "zone": null
          },
          "sensitive_attributes": [],
          "private": "eyJlMmJmYjczMC1lY2FhLTExZTYtOGY4OC0zNDM2M2JjN2M0YzAiOnsiY3JlYXRlIjoyNDAwMDAwMDAwMDAwLCJkZWxldGUiOjI0MDAwMDAwMDAwMDAsInVwZGF0ZSI6MzYwMDAwMDAwMDAwMH0sInNjaGVtYV92ZXJzaW9uIjoiMSJ9"
        }
      ]
    },
    {
      "mode": "managed",
      "type": "google_container_node_pool",
      "name": "primary_preemptible_nodes",
      "provider": "provider[\"registry.terraform.io/hashicorp/google\"]",
      "instances": [
        {
          "schema_version": 1,
          "attributes": {
            "autoscaling": [],
            "cluster": "my-gke-cluster",
            "id": "projects/dsn-dev-01/locations/europe-west1/clusters/my-gke-cluster/nodePools/my-node-pool",
            "initial_node_count": 1,
            "instance_group_urls": [
              "https://www.googleapis.com/compute/v1/projects/dsn-dev-01/zones/europe-west1-d/instanceGroupManagers/gke-my-gke-cluster-my-node-pool-a889cdce-grp",
              "https://www.googleapis.com/compute/v1/projects/dsn-dev-01/zones/europe-west1-c/instanceGroupManagers/gke-my-gke-cluster-my-node-pool-ddf9b915-grp",
              "https://www.googleapis.com/compute/v1/projects/dsn-dev-01/zones/europe-west1-b/instanceGroupManagers/gke-my-gke-cluster-my-node-pool-addc2b57-grp"
            ],
            "location": "europe-west1",
            "management": [
              {
                "auto_repair": true,
                "auto_upgrade": true
              }
            ],
            "max_pods_per_node": 110,
            "name": "my-node-pool",
            "name_prefix": "",
            "node_config": [
              {
                "disk_size_gb": 100,
                "disk_type": "pd-standard",
                "guest_accelerator": [],
                "image_type": "COS_CONTAINERD",
                "labels": {},
                "local_ssd_count": 0,
                "machine_type": "e2-medium",
                "metadata": {
                  "disable-legacy-endpoints": "true"
                },
                "min_cpu_platform": "",
                "oauth_scopes": [
                  "https://www.googleapis.com/auth/cloud-platform"
                ],
                "preemptible": true,
                "sandbox_config": [],
                "service_account": "gke-sa-dev01@dsn-dev-01.iam.gserviceaccount.com",
                "shielded_instance_config": [
                  {
                    "enable_integrity_monitoring": true,
                    "enable_secure_boot": false
                  }
                ],
                "tags": null,
                "taint": [],
                "workload_metadata_config": []
              }
            ],
            "node_count": 1,
            "project": "dsn-dev-01",
            "region": null,
            "timeouts": null,
            "version": "1.21.5-gke.1302",
            "zone": null
          },
          "sensitive_attributes": [],
          "private": "eyJlMmJmYjczMC1lY2FhLTExZTYtOGY4OC0zNDM2M2JjN2M0YzAiOnsiY3JlYXRlIjoxODAwMDAwMDAwMDAwLCJkZWxldGUiOjE4MDAwMDAwMDAwMDAsInVwZGF0ZSI6MTgwMDAwMDAwMDAwMH0sInNjaGVtYV92ZXJzaW9uIjoiMSJ9",
          "dependencies": [
            "google_container_cluster.primary",
            "google_service_account.gke_sa"
          ]
        }
      ]
    },
    {
      "mode": "managed",
      "type": "google_project_iam_member",
      "name": "alex_rights",
      "provider": "provider[\"registry.terraform.io/hashicorp/google\"]",
      "instances": [
        {
          "schema_version": 0,
          "attributes": {
            "etag": "BwXUx71KfZc=",
            "id": "dsn-dev-01/roles/editor/user:alexandre.giraud18@gmail.com",
            "member": "user:alexandre.giraud18@gmail.com",
            "project": "dsn-dev-01",
            "role": "roles/editor"
          },
          "sensitive_attributes": [],
          "private": "bnVsbA=="
        }
      ]
    },
    {
      "mode": "managed",
      "type": "google_project_iam_member",
      "name": "clement_rights",
      "provider": "provider[\"registry.terraform.io/hashicorp/google\"]",
      "instances": [
        {
          "schema_version": 0,
          "attributes": {
            "etag": "BwXUx71KfZc=",
            "id": "dsn-dev-01/roles/editor/user:clementdarthe@gmail.com",
            "member": "user:clementdarthe@gmail.com",
            "project": "dsn-dev-01",
            "role": "roles/editor"
          },
          "sensitive_attributes": [],
          "private": "bnVsbA=="
        }
      ]
    },
    {
      "mode": "managed",
      "type": "google_project_iam_member",
      "name": "gke_sa_rights",
      "provider": "provider[\"registry.terraform.io/hashicorp/google\"]",
      "instances": [
        {
          "schema_version": 0,
          "attributes": {
            "etag": "BwXUx71KfZc=",
            "id": "dsn-dev-01/roles/editor/serviceaccount:gke-sa-dev01@dsn-dev-01.iam.gserviceaccount.com",
            "member": "serviceAccount:gke-sa-dev01@dsn-dev-01.iam.gserviceaccount.com",
            "project": "dsn-dev-01",
            "role": "roles/editor"
          },
          "sensitive_attributes": [],
          "private": "bnVsbA=="
        }
      ]
    },
    {
      "mode": "managed",
      "type": "google_project_iam_member",
      "name": "mt_rights",
      "provider": "provider[\"registry.terraform.io/hashicorp/google\"]",
      "instances": [
        {
          "schema_version": 0,
          "attributes": {
            "etag": "BwXUx71KfZc=",
            "id": "dsn-dev-01/roles/editor/user:truong.minhtri3007@gmail.com",
            "member": "user:truong.minhtri3007@gmail.com",
            "project": "dsn-dev-01",
            "role": "roles/editor"
          },
          "sensitive_attributes": [],
          "private": "bnVsbA=="
        }
      ]
    },
    {
      "mode": "managed",
      "type": "google_service_account",
      "name": "gke_sa",
      "provider": "provider[\"registry.terraform.io/hashicorp/google\"]",
      "instances": [
        {
          "schema_version": 0,
          "attributes": {
            "account_id": "gke-sa-dev01",
            "description": "",
            "display_name": "Service Account representing the cluster GKE",
            "email": "gke-sa-dev01@dsn-dev-01.iam.gserviceaccount.com",
            "id": "projects/dsn-dev-01/serviceAccounts/gke-sa-dev01@dsn-dev-01.iam.gserviceaccount.com",
            "name": "projects/dsn-dev-01/serviceAccounts/gke-sa-dev01@dsn-dev-01.iam.gserviceaccount.com",
            "project": "dsn-dev-01",
            "unique_id": "112215242614999848432"
          },
          "sensitive_attributes": [],
          "private": "bnVsbA=="
        }
      ]
    },
    {
      "mode": "managed",
      "type": "google_storage_bucket",
      "name": "wildfire_dsn",
      "provider": "provider[\"registry.terraform.io/hashicorp/google\"]",
      "instances": [
        {
          "schema_version": 0,
          "attributes": {
            "bucket_policy_only": false,
            "cors": [],
            "encryption": [],
            "force_destroy": true,
            "id": "wildfire_dsn",
            "labels": {},
            "lifecycle_rule": [],
            "location": "EU",
            "logging": [],
            "name": "wildfire_dsn",
            "project": "dsn-dev-01",
            "requester_pays": false,
            "retention_policy": [],
            "self_link": "https://www.googleapis.com/storage/v1/b/wildfire_dsn",
            "storage_class": "STANDARD",
            "url": "gs://wildfire_dsn",
            "versioning": [],
            "website": []
          },
          "sensitive_attributes": [],
          "private": "bnVsbA=="
        }
      ]
    }
  ]
}
